
Microsoft Visual Studio Solution File, Format Version 12.00
# Visual Studio Version 17
VisualStudioVersion = 17.9.34723.18
MinimumVisualStudioVersion = 10.0.40219.1
Project("{9A19103F-16F7-4668-BE54-9A1E7A4F7556}") = "BatchApplication", "BatchApplication\BatchApplication.csproj", "{EBC98160-37B3-4691-9262-3D77378399B3}"
EndProject
Project("{2150E333-8FDC-42A3-9474-1A3956D46DE8}") = "BatchJobs", "BatchJobs", "{D3929599-3D5C-4E24-9A21-B8CC21D550C5}"
EndProject
Project("{FAE04EC0-301F-11D3-BF4B-00C04F79EFBC}") = "OpportunityDailyDataHandler", "BatchJobs\OpportunityDailyDataHandler\OpportunityDailyDataHandler.csproj", "{6CC691D0-2827-4019-B832-25320047AED8}"
EndProject
Project("{FAE04EC0-301F-11D3-BF4B-00C04F79EFBC}") = "BatchApplication.Core", "BatchApplication.Core\BatchApplication.Core.csproj", "{909896B9-97E0-4096-A8C7-841293545A74}"
EndProject
Project("{FAE04EC0-301F-11D3-BF4B-00C04F79EFBC}") = "MasterPolicy", "BatchJobs\MasterPolicyBatchJob\MasterPolicy.csproj", "{2ACD85E4-583B-4115-BFC9-D47491A7CC43}"
EndProject
Global
	GlobalSection(SolutionConfigurationPlatforms) = preSolution
		Debug|Any CPU = Debug|Any CPU
		Release|Any CPU = Release|Any CPU
	EndGlobalSection
	GlobalSection(ProjectConfigurationPlatforms) = postSolution
		{EBC98160-37B3-4691-9262-3D77378399B3}.Debug|Any CPU.ActiveCfg = Debug|Any CPU
		{EBC98160-37B3-4691-9262-3D77378399B3}.Debug|Any CPU.Build.0 = Debug|Any CPU
		{EBC98160-37B3-4691-9262-3D77378399B3}.Release|Any CPU.ActiveCfg = Release|Any CPU
		{EBC98160-37B3-4691-9262-3D77378399B3}.Release|Any CPU.Build.0 = Release|Any CPU
		{6CC691D0-2827-4019-B832-25320047AED8}.Debug|Any CPU.ActiveCfg = Debug|Any CPU
		{6CC691D0-2827-4019-B832-25320047AED8}.Debug|Any CPU.Build.0 = Debug|Any CPU
		{6CC691D0-2827-4019-B832-25320047AED8}.Release|Any CPU.ActiveCfg = Release|Any CPU
		{6CC691D0-2827-4019-B832-25320047AED8}.Release|Any CPU.Build.0 = Release|Any CPU
		{909896B9-97E0-4096-A8C7-841293545A74}.Debug|Any CPU.ActiveCfg = Debug|Any CPU
		{909896B9-97E0-4096-A8C7-841293545A74}.Debug|Any CPU.Build.0 = Debug|Any CPU
		{909896B9-97E0-4096-A8C7-841293545A74}.Release|Any CPU.ActiveCfg = Release|Any CPU
		{909896B9-97E0-4096-A8C7-841293545A74}.Release|Any CPU.Build.0 = Release|Any CPU
		{2ACD85E4-583B-4115-BFC9-D47491A7CC43}.Debug|Any CPU.ActiveCfg = Debug|Any CPU
		{2ACD85E4-583B-4115-BFC9-D47491A7CC43}.Debug|Any CPU.Build.0 = Debug|Any CPU
		{2ACD85E4-583B-4115-BFC9-D47491A7CC43}.Release|Any CPU.ActiveCfg = Release|Any CPU
		{2ACD85E4-583B-4115-BFC9-D47491A7CC43}.Release|Any CPU.Build.0 = Release|Any CPU
	EndGlobalSection
	GlobalSection(SolutionProperties) = preSolution
		HideSolutionNode = FALSE
	EndGlobalSection
	GlobalSection(NestedProjects) = preSolution
		{6CC691D0-2827-4019-B832-25320047AED8} = {D3929599-3D5C-4E24-9A21-B8CC21D550C5}
		{2ACD85E4-583B-4115-BFC9-D47491A7CC43} = {D3929599-3D5C-4E24-9A21-B8CC21D550C5}
	EndGlobalSection
	GlobalSection(ExtensibilityGlobals) = postSolution
		SolutionGuid = {5746C92A-7A5D-44F8-BB6D-A35B26818636}
	EndGlobalSection
EndGlobal
